
Microsoft Visual Studio Solution File, Format Version 12.00
# Visual Studio 2012
Project("{FAE04EC0-301F-11D3-BF4B-00C04F79EFBC}") = "iDrawer", "iDrawer\iDrawer.csproj", "{04B14CD4-8877-46BD-8FC5-CFDEF8E82464}"
EndProject
Project("{FAE04EC0-301F-11D3-BF4B-00C04F79EFBC}") = "PluginsAPI", "ClassLibrary1\PluginsAPI.csproj", "{D287F56F-FA40-444D-B30E-D7A050DC7E3B}"
EndProject
Project("{FAE04EC0-301F-11D3-BF4B-00C04F79EFBC}") = "Pen", "Pen\Pen.csproj", "{E53B2372-6543-4123-9B8B-8B6C9F0338F0}"
EndProject
Project("{FAE04EC0-301F-11D3-BF4B-00C04F79EFBC}") = "Geometrical", "Geometrical\Geometrical.csproj", "{2A144833-550B-492C-BACF-2F654AEF6C1B}"
EndProject
Global
	GlobalSection(SolutionConfigurationPlatforms) = preSolution
		Debug|Any CPU = Debug|Any CPU
		Release|Any CPU = Release|Any CPU
	EndGlobalSection
	GlobalSection(ProjectConfigurationPlatforms) = postSolution
		{04B14CD4-8877-46BD-8FC5-CFDEF8E82464}.Debug|Any CPU.ActiveCfg = Debug|Any CPU
		{04B14CD4-8877-46BD-8FC5-CFDEF8E82464}.Debug|Any CPU.Build.0 = Debug|Any CPU
		{04B14CD4-8877-46BD-8FC5-CFDEF8E82464}.Release|Any CPU.ActiveCfg = Release|Any CPU
		{04B14CD4-8877-46BD-8FC5-CFDEF8E82464}.Release|Any CPU.Build.0 = Release|Any CPU
		{D287F56F-FA40-444D-B30E-D7A050DC7E3B}.Debug|Any CPU.ActiveCfg = Debug|Any CPU
		{D287F56F-FA40-444D-B30E-D7A050DC7E3B}.Debug|Any CPU.Build.0 = Debug|Any CPU
		{D287F56F-FA40-444D-B30E-D7A050DC7E3B}.Release|Any CPU.ActiveCfg = Release|Any CPU
		{D287F56F-FA40-444D-B30E-D7A050DC7E3B}.Release|Any CPU.Build.0 = Release|Any CPU
		{E53B2372-6543-4123-9B8B-8B6C9F0338F0}.Debug|Any CPU.ActiveCfg = Debug|Any CPU
		{E53B2372-6543-4123-9B8B-8B6C9F0338F0}.Debug|Any CPU.Build.0 = Debug|Any CPU
		{E53B2372-6543-4123-9B8B-8B6C9F0338F0}.Release|Any CPU.ActiveCfg = Release|Any CPU
		{E53B2372-6543-4123-9B8B-8B6C9F0338F0}.Release|Any CPU.Build.0 = Release|Any CPU
		{2A144833-550B-492C-BACF-2F654AEF6C1B}.Debug|Any CPU.ActiveCfg = Debug|Any CPU
		{2A144833-550B-492C-BACF-2F654AEF6C1B}.Debug|Any CPU.Build.0 = Debug|Any CPU
		{2A144833-550B-492C-BACF-2F654AEF6C1B}.Release|Any CPU.ActiveCfg = Release|Any CPU
		{2A144833-550B-492C-BACF-2F654AEF6C1B}.Release|Any CPU.Build.0 = Release|Any CPU
	EndGlobalSection
	GlobalSection(SolutionProperties) = preSolution
		HideSolutionNode = FALSE
	EndGlobalSection
EndGlobal
